
Microsoft Visual Studio Solution File, Format Version 12.00
# Visual Studio Version 17
VisualStudioVersion = 17.1.32228.430
MinimumVisualStudioVersion = 10.0.40219.1
Project("{9A19103F-16F7-4668-BE54-9A1E7A4F7556}") = "Program1", "Program1\Program1.csproj", "{6C1F083C-525C-4358-9A1F-0DA3D28842D9}"
EndProject
Project("{FAE04EC0-301F-11D3-BF4B-00C04F79EFBC}") = "Program", "Program\Program.csproj", "{4DD7F31D-CF84-4195-8891-53099741E034}"
EndProject
Global
	GlobalSection(SolutionConfigurationPlatforms) = preSolution
		Debug|Any CPU = Debug|Any CPU
		Release|Any CPU = Release|Any CPU
	EndGlobalSection
	GlobalSection(ProjectConfigurationPlatforms) = postSolution
		{6C1F083C-525C-4358-9A1F-0DA3D28842D9}.Debug|Any CPU.ActiveCfg = Debug|Any CPU
		{6C1F083C-525C-4358-9A1F-0DA3D28842D9}.Debug|Any CPU.Build.0 = Debug|Any CPU
		{6C1F083C-525C-4358-9A1F-0DA3D28842D9}.Release|Any CPU.ActiveCfg = Release|Any CPU
		{6C1F083C-525C-4358-9A1F-0DA3D28842D9}.Release|Any CPU.Build.0 = Release|Any CPU
		{4DD7F31D-CF84-4195-8891-53099741E034}.Debug|Any CPU.ActiveCfg = Debug|Any CPU
		{4DD7F31D-CF84-4195-8891-53099741E034}.Debug|Any CPU.Build.0 = Debug|Any CPU
		{4DD7F31D-CF84-4195-8891-53099741E034}.Release|Any CPU.ActiveCfg = Release|Any CPU
		{4DD7F31D-CF84-4195-8891-53099741E034}.Release|Any CPU.Build.0 = Release|Any CPU
	EndGlobalSection
	GlobalSection(SolutionProperties) = preSolution
		HideSolutionNode = FALSE
	EndGlobalSection
	GlobalSection(ExtensibilityGlobals) = postSolution
		SolutionGuid = {1930E738-F5B1-4F7B-8F9B-C7A7D98F0008}
	EndGlobalSection
EndGlobal
